// !$*UTF8*$!
{
	archiveVersion = 1;
	classes = {
	};
	objectVersion = 56;
	objects = {

/* Begin PBXBuildFile section */
		98CCCADC2971C105005D224E /* RCVV_AppApp.swift in Sources */ = {isa = PBXBuildFile; fileRef = 98CCCADB2971C105005D224E /* RCVV_AppApp.swift */; };
		98CCCADE2971C105005D224E /* ContentView.swift in Sources */ = {isa = PBXBuildFile; fileRef = 98CCCADD2971C105005D224E /* ContentView.swift */; };
		98CCCAE02971C108005D224E /* Assets.xcassets in Resources */ = {isa = PBXBuildFile; fileRef = 98CCCADF2971C108005D224E /* Assets.xcassets */; };
		98CCCAE32971C108005D224E /* Preview Assets.xcassets in Resources */ = {isa = PBXBuildFile; fileRef = 98CCCAE22971C108005D224E /* Preview Assets.xcassets */; };
		98CCCAED2971C109005D224E /* RCVV_AppTests.swift in Sources */ = {isa = PBXBuildFile; fileRef = 98CCCAEC2971C109005D224E /* RCVV_AppTests.swift */; };
		98CCCAF72971C109005D224E /* RCVV_AppUITests.swift in Sources */ = {isa = PBXBuildFile; fileRef = 98CCCAF62971C109005D224E /* RCVV_AppUITests.swift */; };
		98CCCAF92971C109005D224E /* RCVV_AppUITestsLaunchTests.swift in Sources */ = {isa = PBXBuildFile; fileRef = 98CCCAF82971C109005D224E /* RCVV_AppUITestsLaunchTests.swift */; };
/* End PBXBuildFile section */

/* Begin PBXContainerItemProxy section */
		98CCCAE92971C109005D224E /* PBXContainerItemProxy */ = {
			isa = PBXContainerItemProxy;
			containerPortal = 98CCCAD02971C105005D224E /* Project object */;
			proxyType = 1;
			remoteGlobalIDString = 98CCCAD72971C105005D224E;
			remoteInfo = "RCVV App";
		};
		98CCCAF32971C109005D224E /* PBXContainerItemProxy */ = {
			isa = PBXContainerItemProxy;
			containerPortal = 98CCCAD02971C105005D224E /* Project object */;
			proxyType = 1;
			remoteGlobalIDString = 98CCCAD72971C105005D224E;
			remoteInfo = "RCVV App";
		};
/* End PBXContainerItemProxy section */

/* Begin PBXFileReference section */
		98CCCAD82971C105005D224E /* RCVV App.app */ = {isa = PBXFileReference; explicitFileType = wrapper.application; includeInIndex = 0; path = "RCVV App.app"; sourceTree = BUILT_PRODUCTS_DIR; };
		98CCCADB2971C105005D224E /* RCVV_AppApp.swift */ = {isa = PBXFileReference; lastKnownFileType = sourcecode.swift; path = RCVV_AppApp.swift; sourceTree = "<group>"; };
		98CCCADD2971C105005D224E /* ContentView.swift */ = {isa = PBXFileReference; lastKnownFileType = sourcecode.swift; path = ContentView.swift; sourceTree = "<group>"; };
		98CCCADF2971C108005D224E /* Assets.xcassets */ = {isa = PBXFileReference; lastKnownFileType = folder.assetcatalog; path = Assets.xcassets; sourceTree = "<group>"; };
		98CCCAE22971C108005D224E /* Preview Assets.xcassets */ = {isa = PBXFileReference; lastKnownFileType = folder.assetcatalog; path = "Preview Assets.xcassets"; sourceTree = "<group>"; };
		98CCCAE82971C109005D224E /* RCVV AppTests.xctest */ = {isa = PBXFileReference; explicitFileType = wrapper.cfbundle; includeInIndex = 0; path = "RCVV AppTests.xctest"; sourceTree = BUILT_PRODUCTS_DIR; };
		98CCCAEC2971C109005D224E /* RCVV_AppTests.swift */ = {isa = PBXFileReference; lastKnownFileType = sourcecode.swift; path = RCVV_AppTests.swift; sourceTree = "<group>"; };
		98CCCAF22971C109005D224E /* RCVV AppUITests.xctest */ = {isa = PBXFileReference; explicitFileType = wrapper.cfbundle; includeInIndex = 0; path = "RCVV AppUITests.xctest"; sourceTree = BUILT_PRODUCTS_DIR; };
		98CCCAF62971C109005D224E /* RCVV_AppUITests.swift */ = {isa = PBXFileReference; lastKnownFileType = sourcecode.swift; path = RCVV_AppUITests.swift; sourceTree = "<group>"; };
		98CCCAF82971C109005D224E /* RCVV_AppUITestsLaunchTests.swift */ = {isa = PBXFileReference; lastKnownFileType = sourcecode.swift; path = RCVV_AppUITestsLaunchTests.swift; sourceTree = "<group>"; };
/* End PBXFileReference section */

/* Begin PBXFrameworksBuildPhase section */
		98CCCAD52971C105005D224E /* Frameworks */ = {
			isa = PBXFrameworksBuildPhase;
			buildActionMask = 2147483647;
			files = (
			);
			runOnlyForDeploymentPostprocessing = 0;
		};
		98CCCAE52971C109005D224E /* Frameworks */ = {
			isa = PBXFrameworksBuildPhase;
			buildActionMask = 2147483647;
			files = (
			);
			runOnlyForDeploymentPostprocessing = 0;
		};
		98CCCAEF2971C109005D224E /* Frameworks */ = {
			isa = PBXFrameworksBuildPhase;
			buildActionMask = 2147483647;
			files = (
			);
			runOnlyForDeploymentPostprocessing = 0;
		};
/* End PBXFrameworksBuildPhase section */

/* Begin PBXGroup section */
		98CCCACF2971C105005D224E = {
			isa = PBXGroup;
			children = (
				98CCCADA2971C105005D224E /* RCVV App */,
				98CCCAEB2971C109005D224E /* RCVV AppTests */,
				98CCCAF52971C109005D224E /* RCVV AppUITests */,
				98CCCAD92971C105005D224E /* Products */,
			);
			sourceTree = "<group>";
		};
		98CCCAD92971C105005D224E /* Products */ = {
			isa = PBXGroup;
			children = (
				98CCCAD82971C105005D224E /* RCVV App.app */,
				98CCCAE82971C109005D224E /* RCVV AppTests.xctest */,
				98CCCAF22971C109005D224E /* RCVV AppUITests.xctest */,
			);
			name = Products;
			sourceTree = "<group>";
		};
		98CCCADA2971C105005D224E /* RCVV App */ = {
			isa = PBXGroup;
			children = (
				98CCCADB2971C105005D224E /* RCVV_AppApp.swift */,
				98CCCADD2971C105005D224E /* ContentView.swift */,
				98CCCADF2971C108005D224E /* Assets.xcassets */,
				98CCCAE12971C108005D224E /* Preview Content */,
			);
			path = "RCVV App";
			sourceTree = "<group>";
		};
		98CCCAE12971C108005D224E /* Preview Content */ = {
			isa = PBXGroup;
			children = (
				98CCCAE22971C108005D224E /* Preview Assets.xcassets */,
			);
			path = "Preview Content";
			sourceTree = "<group>";
		};
		98CCCAEB2971C109005D224E /* RCVV AppTests */ = {
			isa = PBXGroup;
			children = (
				98CCCAEC2971C109005D224E /* RCVV_AppTests.swift */,
			);
			path = "RCVV AppTests";
			sourceTree = "<group>";
		};
		98CCCAF52971C109005D224E /* RCVV AppUITests */ = {
			isa = PBXGroup;
			children = (
				98CCCAF62971C109005D224E /* RCVV_AppUITests.swift */,
				98CCCAF82971C109005D224E /* RCVV_AppUITestsLaunchTests.swift */,
			);
			path = "RCVV AppUITests";
			sourceTree = "<group>";
		};
/* End PBXGroup section */

/* Begin PBXNativeTarget section */
		98CCCAD72971C105005D224E /* RCVV App */ = {
			isa = PBXNativeTarget;
			buildConfigurationList = 98CCCAFC2971C109005D224E /* Build configuration list for PBXNativeTarget "RCVV App" */;
			buildPhases = (
				98CCCAD42971C105005D224E /* Sources */,
				98CCCAD52971C105005D224E /* Frameworks */,
				98CCCAD62971C105005D224E /* Resources */,
			);
			buildRules = (
			);
			dependencies = (
			);
			name = "RCVV App";
			productName = "RCVV App";
			productReference = 98CCCAD82971C105005D224E /* RCVV App.app */;
			productType = "com.apple.product-type.application";
		};
		98CCCAE72971C109005D224E /* RCVV AppTests */ = {
			isa = PBXNativeTarget;
			buildConfigurationList = 98CCCAFF2971C109005D224E /* Build configuration list for PBXNativeTarget "RCVV AppTests" */;
			buildPhases = (
				98CCCAE42971C109005D224E /* Sources */,
				98CCCAE52971C109005D224E /* Frameworks */,
				98CCCAE62971C109005D224E /* Resources */,
			);
			buildRules = (
			);
			dependencies = (
				98CCCAEA2971C109005D224E /* PBXTargetDependency */,
			);
			name = "RCVV AppTests";
			productName = "RCVV AppTests";
			productReference = 98CCCAE82971C109005D224E /* RCVV AppTests.xctest */;
			productType = "com.apple.product-type.bundle.unit-test";
		};
		98CCCAF12971C109005D224E /* RCVV AppUITests */ = {
			isa = PBXNativeTarget;
			buildConfigurationList = 98CCCB022971C109005D224E /* Build configuration list for PBXNativeTarget "RCVV AppUITests" */;
			buildPhases = (
				98CCCAEE2971C109005D224E /* Sources */,
				98CCCAEF2971C109005D224E /* Frameworks */,
				98CCCAF02971C109005D224E /* Resources */,
			);
			buildRules = (
			);
			dependencies = (
				98CCCAF42971C109005D224E /* PBXTargetDependency */,
			);
			name = "RCVV AppUITests";
			productName = "RCVV AppUITests";
			productReference = 98CCCAF22971C109005D224E /* RCVV AppUITests.xctest */;
			productType = "com.apple.product-type.bundle.ui-testing";
		};
/* End PBXNativeTarget section */

/* Begin PBXProject section */
		98CCCAD02971C105005D224E /* Project object */ = {
			isa = PBXProject;
			attributes = {
				BuildIndependentTargetsInParallel = 1;
				LastSwiftUpdateCheck = 1410;
				LastUpgradeCheck = 1410;
				TargetAttributes = {
					98CCCAD72971C105005D224E = {
						CreatedOnToolsVersion = 14.1;
					};
					98CCCAE72971C109005D224E = {
						CreatedOnToolsVersion = 14.1;
						TestTargetID = 98CCCAD72971C105005D224E;
					};
					98CCCAF12971C109005D224E = {
						CreatedOnToolsVersion = 14.1;
						TestTargetID = 98CCCAD72971C105005D224E;
					};
				};
			};
			buildConfigurationList = 98CCCAD32971C105005D224E /* Build configuration list for PBXProject "RCVV App" */;
			compatibilityVersion = "Xcode 14.0";
			developmentRegion = en;
			hasScannedForEncodings = 0;
			knownRegions = (
				en,
				Base,
			);
			mainGroup = 98CCCACF2971C105005D224E;
			productRefGroup = 98CCCAD92971C105005D224E /* Products */;
			projectDirPath = "";
			projectRoot = "";
			targets = (
				98CCCAD72971C105005D224E /* RCVV App */,
				98CCCAE72971C109005D224E /* RCVV AppTests */,
				98CCCAF12971C109005D224E /* RCVV AppUITests */,
			);
		};
/* End PBXProject section */

/* Begin PBXResourcesBuildPhase section */
		98CCCAD62971C105005D224E /* Resources */ = {
			isa = PBXResourcesBuildPhase;
			buildActionMask = 2147483647;
			files = (
				98CCCAE32971C108005D224E /* Preview Assets.xcassets in Resources */,
				98CCCAE02971C108005D224E /* Assets.xcassets in Resources */,
			);
			runOnlyForDeploymentPostprocessing = 0;
		};
		98CCCAE62971C109005D224E /* Resources */ = {
			isa = PBXResourcesBuildPhase;
			buildActionMask = 2147483647;
			files = (
			);
			runOnlyForDeploymentPostprocessing = 0;
		};
		98CCCAF02971C109005D224E /* Resources */ = {
			isa = PBXResourcesBuildPhase;
			buildActionMask = 2147483647;
			files = (
			);
			runOnlyForDeploymentPostprocessing = 0;
		};
/* End PBXResourcesBuildPhase section */

/* Begin PBXSourcesBuildPhase section */
		98CCCAD42971C105005D224E /* Sources */ = {
			isa = PBXSourcesBuildPhase;
			buildActionMask = 2147483647;
			files = (
				98CCCADE2971C105005D224E /* ContentView.swift in Sources */,
				98CCCADC2971C105005D224E /* RCVV_AppApp.swift in Sources */,
			);
			runOnlyForDeploymentPostprocessing = 0;
		};
		98CCCAE42971C109005D224E /* Sources */ = {
			isa = PBXSourcesBuildPhase;
			buildActionMask = 2147483647;
			files = (
				98CCCAED2971C109005D224E /* RCVV_AppTests.swift in Sources */,
			);
			runOnlyForDeploymentPostprocessing = 0;
		};
		98CCCAEE2971C109005D224E /* Sources */ = {
			isa = PBXSourcesBuildPhase;
			buildActionMask = 2147483647;
			files = (
				98CCCAF92971C109005D224E /* RCVV_AppUITestsLaunchTests.swift in Sources */,
				98CCCAF72971C109005D224E /* RCVV_AppUITests.swift in Sources */,
			);
			runOnlyForDeploymentPostprocessing = 0;
		};
/* End PBXSourcesBuildPhase section */

/* Begin PBXTargetDependency section */
		98CCCAEA2971C109005D224E /* PBXTargetDependency */ = {
			isa = PBXTargetDependency;
			target = 98CCCAD72971C105005D224E /* RCVV App */;
			targetProxy = 98CCCAE92971C109005D224E /* PBXContainerItemProxy */;
		};
		98CCCAF42971C109005D224E /* PBXTargetDependency */ = {
			isa = PBXTargetDependency;
			target = 98CCCAD72971C105005D224E /* RCVV App */;
			targetProxy = 98CCCAF32971C109005D224E /* PBXContainerItemProxy */;
		};
/* End PBXTargetDependency section */

/* Begin XCBuildConfiguration section */
		98CCCAFA2971C109005D224E /* Debug */ = {
			isa = XCBuildConfiguration;
			buildSettings = {
				ALWAYS_SEARCH_USER_PATHS = NO;
				CLANG_ANALYZER_NONNULL = YES;
				CLANG_ANALYZER_NUMBER_OBJECT_CONVERSION = YES_AGGRESSIVE;
				CLANG_CXX_LANGUAGE_STANDARD = "gnu++20";
				CLANG_ENABLE_MODULES = YES;
				CLANG_ENABLE_OBJC_ARC = YES;
				CLANG_ENABLE_OBJC_WEAK = YES;
				CLANG_WARN_BLOCK_CAPTURE_AUTORELEASING = YES;
				CLANG_WARN_BOOL_CONVERSION = YES;
				CLANG_WARN_COMMA = YES;
				CLANG_WARN_CONSTANT_CONVERSION = YES;
				CLANG_WARN_DEPRECATED_OBJC_IMPLEMENTATIONS = YES;
				CLANG_WARN_DIRECT_OBJC_ISA_USAGE = YES_ERROR;
				CLANG_WARN_DOCUMENTATION_COMMENTS = YES;
				CLANG_WARN_EMPTY_BODY = YES;
				CLANG_WARN_ENUM_CONVERSION = YES;
				CLANG_WARN_INFINITE_RECURSION = YES;
				CLANG_WARN_INT_CONVERSION = YES;
				CLANG_WARN_NON_LITERAL_NULL_CONVERSION = YES;
				CLANG_WARN_OBJC_IMPLICIT_RETAIN_SELF = YES;
				CLANG_WARN_OBJC_LITERAL_CONVERSION = YES;
				CLANG_WARN_OBJC_ROOT_CLASS = YES_ERROR;
				CLANG_WARN_QUOTED_INCLUDE_IN_FRAMEWORK_HEADER = YES;
				CLANG_WARN_RANGE_LOOP_ANALYSIS = YES;
				CLANG_WARN_STRICT_PROTOTYPES = YES;
				CLANG_WARN_SUSPICIOUS_MOVE = YES;
				CLANG_WARN_UNGUARDED_AVAILABILITY = YES_AGGRESSIVE;
				CLANG_WARN_UNREACHABLE_CODE = YES;
				CLANG_WARN__DUPLICATE_METHOD_MATCH = YES;
				COPY_PHASE_STRIP = NO;
				DEBUG_INFORMATION_FORMAT = dwarf;
				ENABLE_STRICT_OBJC_MSGSEND = YES;
				ENABLE_TESTABILITY = YES;
				GCC_C_LANGUAGE_STANDARD = gnu11;
				GCC_DYNAMIC_NO_PIC = NO;
				GCC_NO_COMMON_BLOCKS = YES;
				GCC_OPTIMIZATION_LEVEL = 0;
				GCC_PREPROCESSOR_DEFINITIONS = (
					"DEBUG=1",
					"$(inherited)",
				);
				GCC_WARN_64_TO_32_BIT_CONVERSION = YES;
				GCC_WARN_ABOUT_RETURN_TYPE = YES_ERROR;
				GCC_WARN_UNDECLARED_SELECTOR = YES;
				GCC_WARN_UNINITIALIZED_AUTOS = YES_AGGRESSIVE;
				GCC_WARN_UNUSED_FUNCTION = YES;
				GCC_WARN_UNUSED_VARIABLE = YES;
				IPHONEOS_DEPLOYMENT_TARGET = 16.1;
				MTL_ENABLE_DEBUG_INFO = INCLUDE_SOURCE;
				MTL_FAST_MATH = YES;
				ONLY_ACTIVE_ARCH = YES;
				SDKROOT = iphoneos;
				SWIFT_ACTIVE_COMPILATION_CONDITIONS = DEBUG;
				SWIFT_OPTIMIZATION_LEVEL = "-Onone";
			};
			name = Debug;
		};
		98CCCAFB2971C109005D224E /* Release */ = {
			isa = XCBuildConfiguration;
			buildSettings = {
				ALWAYS_SEARCH_USER_PATHS = NO;
				CLANG_ANALYZER_NONNULL = YES;
				CLANG_ANALYZER_NUMBER_OBJECT_CONVERSION = YES_AGGRESSIVE;
				CLANG_CXX_LANGUAGE_STANDARD = "gnu++20";
				CLANG_ENABLE_MODULES = YES;
				CLANG_ENABLE_OBJC_ARC = YES;
				CLANG_ENABLE_OBJC_WEAK = YES;
				CLANG_WARN_BLOCK_CAPTURE_AUTORELEASING = YES;
				CLANG_WARN_BOOL_CONVERSION = YES;
				CLANG_WARN_COMMA = YES;
				CLANG_WARN_CONSTANT_CONVERSION = YES;
				CLANG_WARN_DEPRECATED_OBJC_IMPLEMENTATIONS = YES;
				CLANG_WARN_DIRECT_OBJC_ISA_USAGE = YES_ERROR;
				CLANG_WARN_DOCUMENTATION_COMMENTS = YES;
				CLANG_WARN_EMPTY_BODY = YES;
				CLANG_WARN_ENUM_CONVERSION = YES;
				CLANG_WARN_INFINITE_RECURSION = YES;
				CLANG_WARN_INT_CONVERSION = YES;
				CLANG_WARN_NON_LITERAL_NULL_CONVERSION = YES;
				CLANG_WARN_OBJC_IMPLICIT_RETAIN_SELF = YES;
				CLANG_WARN_OBJC_LITERAL_CONVERSION = YES;
				CLANG_WARN_OBJC_ROOT_CLASS = YES_ERROR;
				CLANG_WARN_QUOTED_INCLUDE_IN_FRAMEWORK_HEADER = YES;
				CLANG_WARN_RANGE_LOOP_ANALYSIS = YES;
				CLANG_WARN_STRICT_PROTOTYPES = YES;
				CLANG_WARN_SUSPICIOUS_MOVE = YES;
				CLANG_WARN_UNGUARDED_AVAILABILITY = YES_AGGRESSIVE;
				CLANG_WARN_UNREACHABLE_CODE = YES;
				CLANG_WARN__DUPLICATE_METHOD_MATCH = YES;
				COPY_PHASE_STRIP = NO;
				DEBUG_INFORMATION_FORMAT = "dwarf-with-dsym";
				ENABLE_NS_ASSERTIONS = NO;
				ENABLE_STRICT_OBJC_MSGSEND = YES;
				GCC_C_LANGUAGE_STANDARD = gnu11;
				GCC_NO_COMMON_BLOCKS = YES;
				GCC_WARN_64_TO_32_BIT_CONVERSION = YES;
				GCC_WARN_ABOUT_RETURN_TYPE = YES_ERROR;
				GCC_WARN_UNDECLARED_SELECTOR = YES;
				GCC_WARN_UNINITIALIZED_AUTOS = YES_AGGRESSIVE;
				GCC_WARN_UNUSED_FUNCTION = YES;
				GCC_WARN_UNUSED_VARIABLE = YES;
				IPHONEOS_DEPLOYMENT_TARGET = 16.1;
				MTL_ENABLE_DEBUG_INFO = NO;
				MTL_FAST_MATH = YES;
				SDKROOT = iphoneos;
				SWIFT_COMPILATION_MODE = wholemodule;
				SWIFT_OPTIMIZATION_LEVEL = "-O";
				VALIDATE_PRODUCT = YES;
			};
			name = Release;
		};
		98CCCAFD2971C109005D224E /* Debug */ = {
			isa = XCBuildConfiguration;
			buildSettings = {
				ASSETCATALOG_COMPILER_APPICON_NAME = AppIcon;
				ASSETCATALOG_COMPILER_GLOBAL_ACCENT_COLOR_NAME = AccentColor;
				CODE_SIGN_STYLE = Automatic;
				CURRENT_PROJECT_VERSION = 1;
				DEVELOPMENT_ASSET_PATHS = "\"RCVV App/Preview Content\"";
				DEVELOPMENT_TEAM = XQPN64PD78;
				ENABLE_PREVIEWS = YES;
				GENERATE_INFOPLIST_FILE = YES;
				INFOPLIST_KEY_UIApplicationSceneManifest_Generation = YES;
				INFOPLIST_KEY_UIApplicationSupportsIndirectInputEvents = YES;
				INFOPLIST_KEY_UILaunchScreen_Generation = YES;
				INFOPLIST_KEY_UISupportedInterfaceOrientations_iPad = "UIInterfaceOrientationPortrait UIInterfaceOrientationPortraitUpsideDown UIInterfaceOrientationLandscapeLeft UIInterfaceOrientationLandscapeRight";
				INFOPLIST_KEY_UISupportedInterfaceOrientations_iPhone = "UIInterfaceOrientationPortrait UIInterfaceOrientationLandscapeLeft UIInterfaceOrientationLandscapeRight";
				LD_RUNPATH_SEARCH_PATHS = (
					"$(inherited)",
					"@executable_path/Frameworks",
				);
				MARKETING_VERSION = 1.0;
				PRODUCT_BUNDLE_IDENTIFIER = "com.daniel.RCVV-App";
				PRODUCT_NAME = "$(TARGET_NAME)";
				SWIFT_EMIT_LOC_STRINGS = YES;
				SWIFT_VERSION = 5.0;
				TARGETED_DEVICE_FAMILY = "1,2";
			};
			name = Debug;
		};
		98CCCAFE2971C109005D224E /* Release */ = {
			isa = XCBuildConfiguration;
			buildSettings = {
				ASSETCATALOG_COMPILER_APPICON_NAME = AppIcon;
				ASSETCATALOG_COMPILER_GLOBAL_ACCENT_COLOR_NAME = AccentColor;
				CODE_SIGN_STYLE = Automatic;
				CURRENT_PROJECT_VERSION = 1;
				DEVELOPMENT_ASSET_PATHS = "\"RCVV App/Preview Content\"";
				DEVELOPMENT_TEAM = XQPN64PD78;
				ENABLE_PREVIEWS = YES;
				GENERATE_INFOPLIST_FILE = YES;
				INFOPLIST_KEY_UIApplicationSceneManifest_Generation = YES;
				INFOPLIST_KEY_UIApplicationSupportsIndirectInputEvents = YES;
				INFOPLIST_KEY_UILaunchScreen_Generation = YES;
				INFOPLIST_KEY_UISupportedInterfaceOrientations_iPad = "UIInterfaceOrientationPortrait UIInterfaceOrientationPortraitUpsideDown UIInterfaceOrientationLandscapeLeft UIInterfaceOrientationLandscapeRight";
				INFOPLIST_KEY_UISupportedInterfaceOrientations_iPhone = "UIInterfaceOrientationPortrait UIInterfaceOrientationLandscapeLeft UIInterfaceOrientationLandscapeRight";
				LD_RUNPATH_SEARCH_PATHS = (
					"$(inherited)",
					"@executable_path/Frameworks",
				);
				MARKETING_VERSION = 1.0;
				PRODUCT_BUNDLE_IDENTIFIER = "com.daniel.RCVV-App";
				PRODUCT_NAME = "$(TARGET_NAME)";
				SWIFT_EMIT_LOC_STRINGS = YES;
				SWIFT_VERSION = 5.0;
				TARGETED_DEVICE_FAMILY = "1,2";
			};
			name = Release;
		};
		98CCCB002971C109005D224E /* Debug */ = {
			isa = XCBuildConfiguration;
			buildSettings = {
				ALWAYS_EMBED_SWIFT_STANDARD_LIBRARIES = YES;
				BUNDLE_LOADER = "$(TEST_HOST)";
				CODE_SIGN_STYLE = Automatic;
				CURRENT_PROJECT_VERSION = 1;
				DEVELOPMENT_TEAM = XQPN64PD78;
				GENERATE_INFOPLIST_FILE = YES;
				IPHONEOS_DEPLOYMENT_TARGET = 16.1;
				MARKETING_VERSION = 1.0;
				PRODUCT_BUNDLE_IDENTIFIER = "com.daniel.RCVV-AppTests";
				PRODUCT_NAME = "$(TARGET_NAME)";
				SWIFT_EMIT_LOC_STRINGS = NO;
				SWIFT_VERSION = 5.0;
				TARGETED_DEVICE_FAMILY = "1,2";
				TEST_HOST = "$(BUILT_PRODUCTS_DIR)/RCVV App.app/$(BUNDLE_EXECUTABLE_FOLDER_PATH)/RCVV App";
			};
			name = Debug;
		};
		98CCCB012971C109005D224E /* Release */ = {
			isa = XCBuildConfiguration;
			buildSettings = {
				ALWAYS_EMBED_SWIFT_STANDARD_LIBRARIES = YES;
				BUNDLE_LOADER = "$(TEST_HOST)";
				CODE_SIGN_STYLE = Automatic;
				CURRENT_PROJECT_VERSION = 1;
				DEVELOPMENT_TEAM = XQPN64PD78;
				GENERATE_INFOPLIST_FILE = YES;
				IPHONEOS_DEPLOYMENT_TARGET = 16.1;
				MARKETING_VERSION = 1.0;
				PRODUCT_BUNDLE_IDENTIFIER = "com.daniel.RCVV-AppTests";
				PRODUCT_NAME = "$(TARGET_NAME)";
				SWIFT_EMIT_LOC_STRINGS = NO;
				SWIFT_VERSION = 5.0;
				TARGETED_DEVICE_FAMILY = "1,2";
				TEST_HOST = "$(BUILT_PRODUCTS_DIR)/RCVV App.app/$(BUNDLE_EXECUTABLE_FOLDER_PATH)/RCVV App";
			};
			name = Release;
		};
		98CCCB032971C109005D224E /* Debug */ = {
			isa = XCBuildConfiguration;
			buildSettings = {
				ALWAYS_EMBED_SWIFT_STANDARD_LIBRARIES = YES;
				CODE_SIGN_STYLE = Automatic;
				CURRENT_PROJECT_VERSION = 1;
				DEVELOPMENT_TEAM = XQPN64PD78;
				GENERATE_INFOPLIST_FILE = YES;
				MARKETING_VERSION = 1.0;
				PRODUCT_BUNDLE_IDENTIFIER = "com.daniel.RCVV-AppUITests";
				PRODUCT_NAME = "$(TARGET_NAME)";
				SWIFT_EMIT_LOC_STRINGS = NO;
				SWIFT_VERSION = 5.0;
				TARGETED_DEVICE_FAMILY = "1,2";
				TEST_TARGET_NAME = "RCVV App";
			};
			name = Debug;
		};
		98CCCB042971C109005D224E /* Release */ = {
			isa = XCBuildConfiguration;
			buildSettings = {
				ALWAYS_EMBED_SWIFT_STANDARD_LIBRARIES = YES;
				CODE_SIGN_STYLE = Automatic;
				CURRENT_PROJECT_VERSION = 1;
				DEVELOPMENT_TEAM = XQPN64PD78;
				GENERATE_INFOPLIST_FILE = YES;
				MARKETING_VERSION = 1.0;
				PRODUCT_BUNDLE_IDENTIFIER = "com.daniel.RCVV-AppUITests";
				PRODUCT_NAME = "$(TARGET_NAME)";
				SWIFT_EMIT_LOC_STRINGS = NO;
				SWIFT_VERSION = 5.0;
				TARGETED_DEVICE_FAMILY = "1,2";
				TEST_TARGET_NAME = "RCVV App";
			};
			name = Release;
		};
/* End XCBuildConfiguration section */

/* Begin XCConfigurationList section */
		98CCCAD32971C105005D224E /* Build configuration list for PBXProject "RCVV App" */ = {
			isa = XCConfigurationList;
			buildConfigurations = (
				98CCCAFA2971C109005D224E /* Debug */,
				98CCCAFB2971C109005D224E /* Release */,
			);
			defaultConfigurationIsVisible = 0;
			defaultConfigurationName = Release;
		};
		98CCCAFC2971C109005D224E /* Build configuration list for PBXNativeTarget "RCVV App" */ = {
			isa = XCConfigurationList;
			buildConfigurations = (
				98CCCAFD2971C109005D224E /* Debug */,
				98CCCAFE2971C109005D224E /* Release */,
			);
			defaultConfigurationIsVisible = 0;
			defaultConfigurationName = Release;
		};
		98CCCAFF2971C109005D224E /* Build configuration list for PBXNativeTarget "RCVV AppTests" */ = {
			isa = XCConfigurationList;
			buildConfigurations = (
				98CCCB002971C109005D224E /* Debug */,
				98CCCB012971C109005D224E /* Release */,
			);
			defaultConfigurationIsVisible = 0;
			defaultConfigurationName = Release;
		};
		98CCCB022971C109005D224E /* Build configuration list for PBXNativeTarget "RCVV AppUITests" */ = {
			isa = XCConfigurationList;
			buildConfigurations = (
				98CCCB032971C109005D224E /* Debug */,
				98CCCB042971C109005D224E /* Release */,
			);
			defaultConfigurationIsVisible = 0;
			defaultConfigurationName = Release;
		};
/* End XCConfigurationList section */
	};
	rootObject = 98CCCAD02971C105005D224E /* Project object */;
}
